
Microsoft Visual Studio Solution File, Format Version 12.00
# Visual Studio Version 17
VisualStudioVersion = 17.9.34622.214
MinimumVisualStudioVersion = 10.0.40219.1
Project("{FAE04EC0-301F-11D3-BF4B-00C04F79EFBC}") = "pooJogoAdivinhacao", "pooJogoAdivinhacao.csproj", "{617F6F76-0261-4FE1-89A2-1E2B163F9496}"
EndProject
Global
	GlobalSection(SolutionConfigurationPlatforms) = preSolution
		Debug|Any CPU = Debug|Any CPU
		Release|Any CPU = Release|Any CPU
	EndGlobalSection
	GlobalSection(ProjectConfigurationPlatforms) = postSolution
		{617F6F76-0261-4FE1-89A2-1E2B163F9496}.Debug|Any CPU.ActiveCfg = Debug|Any CPU
		{617F6F76-0261-4FE1-89A2-1E2B163F9496}.Debug|Any CPU.Build.0 = Debug|Any CPU
		{617F6F76-0261-4FE1-89A2-1E2B163F9496}.Release|Any CPU.ActiveCfg = Release|Any CPU
		{617F6F76-0261-4FE1-89A2-1E2B163F9496}.Release|Any CPU.Build.0 = Release|Any CPU
	EndGlobalSection
	GlobalSection(SolutionProperties) = preSolution
		HideSolutionNode = FALSE
	EndGlobalSection
	GlobalSection(ExtensibilityGlobals) = postSolution
		SolutionGuid = {75CDE1AC-6456-4234-935B-A93490D178F9}
	EndGlobalSection
EndGlobal
