
Microsoft Visual Studio Solution File, Format Version 12.00
# Visual Studio Version 17
VisualStudioVersion = 17.9.34622.214
MinimumVisualStudioVersion = 10.0.40219.1
Project("{FAE04EC0-301F-11D3-BF4B-00C04F79EFBC}") = "pooMensagem", "pooMensagem\pooMensagem.csproj", "{4BD274BA-7C89-45CD-8051-C2CACE2876A0}"
EndProject
Global
	GlobalSection(SolutionConfigurationPlatforms) = preSolution
		Debug|Any CPU = Debug|Any CPU
		Release|Any CPU = Release|Any CPU
	EndGlobalSection
	GlobalSection(ProjectConfigurationPlatforms) = postSolution
		{4BD274BA-7C89-45CD-8051-C2CACE2876A0}.Debug|Any CPU.ActiveCfg = Debug|Any CPU
		{4BD274BA-7C89-45CD-8051-C2CACE2876A0}.Debug|Any CPU.Build.0 = Debug|Any CPU
		{4BD274BA-7C89-45CD-8051-C2CACE2876A0}.Release|Any CPU.ActiveCfg = Release|Any CPU
		{4BD274BA-7C89-45CD-8051-C2CACE2876A0}.Release|Any CPU.Build.0 = Release|Any CPU
	EndGlobalSection
	GlobalSection(SolutionProperties) = preSolution
		HideSolutionNode = FALSE
	EndGlobalSection
	GlobalSection(ExtensibilityGlobals) = postSolution
		SolutionGuid = {D422F001-E0C3-4ACE-9E2B-806ED35F28AB}
	EndGlobalSection
EndGlobal
